// !$*UTF8*$!
{
	archiveVersion = 1;
	classes = {
	};
	objectVersion = 46;
	objects = {

/* Begin PBXBuildFile section */
		9B7A45C61F9CEF950050015A /* AppDelegate.swift in Sources */ = {isa = PBXBuildFile; fileRef = 9B7A45C51F9CEF950050015A /* AppDelegate.swift */; };
		9B7A45C81F9CEF950050015A /* ViewController.swift in Sources */ = {isa = PBXBuildFile; fileRef = 9B7A45C71F9CEF950050015A /* ViewController.swift */; };
		9B7A45CB1F9CEF950050015A /* Main.storyboard in Resources */ = {isa = PBXBuildFile; fileRef = 9B7A45C91F9CEF950050015A /* Main.storyboard */; };
		9B7A45CD1F9CEF950050015A /* Assets.xcassets in Resources */ = {isa = PBXBuildFile; fileRef = 9B7A45CC1F9CEF950050015A /* Assets.xcassets */; };
		9B7A45D01F9CEF950050015A /* LaunchScreen.storyboard in Resources */ = {isa = PBXBuildFile; fileRef = 9B7A45CE1F9CEF950050015A /* LaunchScreen.storyboard */; };
		9B7A45DB1F9CEF950050015A /* YouTubeTests.swift in Sources */ = {isa = PBXBuildFile; fileRef = 9B7A45DA1F9CEF950050015A /* YouTubeTests.swift */; };
		9B7A45E61F9CEF950050015A /* YouTubeUITests.swift in Sources */ = {isa = PBXBuildFile; fileRef = 9B7A45E51F9CEF950050015A /* YouTubeUITests.swift */; };
/* End PBXBuildFile section */

/* Begin PBXContainerItemProxy section */
		9B7A45D71F9CEF950050015A /* PBXContainerItemProxy */ = {
			isa = PBXContainerItemProxy;
			containerPortal = 9B7A45BA1F9CEF950050015A /* Project object */;
			proxyType = 1;
			remoteGlobalIDString = 9B7A45C11F9CEF950050015A;
			remoteInfo = YouTube;
		};
		9B7A45E21F9CEF950050015A /* PBXContainerItemProxy */ = {
			isa = PBXContainerItemProxy;
			containerPortal = 9B7A45BA1F9CEF950050015A /* Project object */;
			proxyType = 1;
			remoteGlobalIDString = 9B7A45C11F9CEF950050015A;
			remoteInfo = YouTube;
		};
/* End PBXContainerItemProxy section */

/* Begin PBXFileReference section */
		9B7A45C21F9CEF950050015A /* YouTube.app */ = {isa = PBXFileReference; explicitFileType = wrapper.application; includeInIndex = 0; path = YouTube.app; sourceTree = BUILT_PRODUCTS_DIR; };
		9B7A45C51F9CEF950050015A /* AppDelegate.swift */ = {isa = PBXFileReference; lastKnownFileType = sourcecode.swift; path = AppDelegate.swift; sourceTree = "<group>"; };
		9B7A45C71F9CEF950050015A /* ViewController.swift */ = {isa = PBXFileReference; lastKnownFileType = sourcecode.swift; path = ViewController.swift; sourceTree = "<group>"; };
		9B7A45CA1F9CEF950050015A /* Base */ = {isa = PBXFileReference; lastKnownFileType = file.storyboard; name = Base; path = Base.lproj/Main.storyboard; sourceTree = "<group>"; };
		9B7A45CC1F9CEF950050015A /* Assets.xcassets */ = {isa = PBXFileReference; lastKnownFileType = folder.assetcatalog; path = Assets.xcassets; sourceTree = "<group>"; };
		9B7A45CF1F9CEF950050015A /* Base */ = {isa = PBXFileReference; lastKnownFileType = file.storyboard; name = Base; path = Base.lproj/LaunchScreen.storyboard; sourceTree = "<group>"; };
		9B7A45D11F9CEF950050015A /* Info.plist */ = {isa = PBXFileReference; lastKnownFileType = text.plist.xml; path = Info.plist; sourceTree = "<group>"; };
		9B7A45D61F9CEF950050015A /* YouTubeTests.xctest */ = {isa = PBXFileReference; explicitFileType = wrapper.cfbundle; includeInIndex = 0; path = YouTubeTests.xctest; sourceTree = BUILT_PRODUCTS_DIR; };
		9B7A45DA1F9CEF950050015A /* YouTubeTests.swift */ = {isa = PBXFileReference; lastKnownFileType = sourcecode.swift; path = YouTubeTests.swift; sourceTree = "<group>"; };
		9B7A45DC1F9CEF950050015A /* Info.plist */ = {isa = PBXFileReference; lastKnownFileType = text.plist.xml; path = Info.plist; sourceTree = "<group>"; };
		9B7A45E11F9CEF950050015A /* YouTubeUITests.xctest */ = {isa = PBXFileReference; explicitFileType = wrapper.cfbundle; includeInIndex = 0; path = YouTubeUITests.xctest; sourceTree = BUILT_PRODUCTS_DIR; };
		9B7A45E51F9CEF950050015A /* YouTubeUITests.swift */ = {isa = PBXFileReference; lastKnownFileType = sourcecode.swift; path = YouTubeUITests.swift; sourceTree = "<group>"; };
		9B7A45E71F9CEF950050015A /* Info.plist */ = {isa = PBXFileReference; lastKnownFileType = text.plist.xml; path = Info.plist; sourceTree = "<group>"; };
/* End PBXFileReference section */

/* Begin PBXFrameworksBuildPhase section */
		9B7A45BF1F9CEF950050015A /* Frameworks */ = {
			isa = PBXFrameworksBuildPhase;
			buildActionMask = 2147483647;
			files = (
			);
			runOnlyForDeploymentPostprocessing = 0;
		};
		9B7A45D31F9CEF950050015A /* Frameworks */ = {
			isa = PBXFrameworksBuildPhase;
			buildActionMask = 2147483647;
			files = (
			);
			runOnlyForDeploymentPostprocessing = 0;
		};
		9B7A45DE1F9CEF950050015A /* Frameworks */ = {
			isa = PBXFrameworksBuildPhase;
			buildActionMask = 2147483647;
			files = (
			);
			runOnlyForDeploymentPostprocessing = 0;
		};
/* End PBXFrameworksBuildPhase section */

/* Begin PBXGroup section */
		9B7A45B91F9CEF950050015A = {
			isa = PBXGroup;
			children = (
				9B7A45C41F9CEF950050015A /* YouTube */,
				9B7A45D91F9CEF950050015A /* YouTubeTests */,
				9B7A45E41F9CEF950050015A /* YouTubeUITests */,
				9B7A45C31F9CEF950050015A /* Products */,
			);
			sourceTree = "<group>";
		};
		9B7A45C31F9CEF950050015A /* Products */ = {
			isa = PBXGroup;
			children = (
				9B7A45C21F9CEF950050015A /* YouTube.app */,
				9B7A45D61F9CEF950050015A /* YouTubeTests.xctest */,
				9B7A45E11F9CEF950050015A /* YouTubeUITests.xctest */,
			);
			name = Products;
			sourceTree = "<group>";
		};
		9B7A45C41F9CEF950050015A /* YouTube */ = {
			isa = PBXGroup;
			children = (
				9B7A45C51F9CEF950050015A /* AppDelegate.swift */,
				9B7A45C71F9CEF950050015A /* ViewController.swift */,
				9B7A45C91F9CEF950050015A /* Main.storyboard */,
				9B7A45CC1F9CEF950050015A /* Assets.xcassets */,
				9B7A45CE1F9CEF950050015A /* LaunchScreen.storyboard */,
				9B7A45D11F9CEF950050015A /* Info.plist */,
			);
			path = YouTube;
			sourceTree = "<group>";
		};
		9B7A45D91F9CEF950050015A /* YouTubeTests */ = {
			isa = PBXGroup;
			children = (
				9B7A45DA1F9CEF950050015A /* YouTubeTests.swift */,
				9B7A45DC1F9CEF950050015A /* Info.plist */,
			);
			path = YouTubeTests;
			sourceTree = "<group>";
		};
		9B7A45E41F9CEF950050015A /* YouTubeUITests */ = {
			isa = PBXGroup;
			children = (
				9B7A45E51F9CEF950050015A /* YouTubeUITests.swift */,
				9B7A45E71F9CEF950050015A /* Info.plist */,
			);
			path = YouTubeUITests;
			sourceTree = "<group>";
		};
/* End PBXGroup section */

/* Begin PBXNativeTarget section */
		9B7A45C11F9CEF950050015A /* YouTube */ = {
			isa = PBXNativeTarget;
			buildConfigurationList = 9B7A45EA1F9CEF950050015A /* Build configuration list for PBXNativeTarget "YouTube" */;
			buildPhases = (
				9B7A45BE1F9CEF950050015A /* Sources */,
				9B7A45BF1F9CEF950050015A /* Frameworks */,
				9B7A45C01F9CEF950050015A /* Resources */,
			);
			buildRules = (
			);
			dependencies = (
			);
			name = YouTube;
			productName = YouTube;
			productReference = 9B7A45C21F9CEF950050015A /* YouTube.app */;
			productType = "com.apple.product-type.application";
		};
		9B7A45D51F9CEF950050015A /* YouTubeTests */ = {
			isa = PBXNativeTarget;
			buildConfigurationList = 9B7A45ED1F9CEF950050015A /* Build configuration list for PBXNativeTarget "YouTubeTests" */;
			buildPhases = (
				9B7A45D21F9CEF950050015A /* Sources */,
				9B7A45D31F9CEF950050015A /* Frameworks */,
				9B7A45D41F9CEF950050015A /* Resources */,
			);
			buildRules = (
			);
			dependencies = (
				9B7A45D81F9CEF950050015A /* PBXTargetDependency */,
			);
			name = YouTubeTests;
			productName = YouTubeTests;
			productReference = 9B7A45D61F9CEF950050015A /* YouTubeTests.xctest */;
			productType = "com.apple.product-type.bundle.unit-test";
		};
		9B7A45E01F9CEF950050015A /* YouTubeUITests */ = {
			isa = PBXNativeTarget;
			buildConfigurationList = 9B7A45F01F9CEF950050015A /* Build configuration list for PBXNativeTarget "YouTubeUITests" */;
			buildPhases = (
				9B7A45DD1F9CEF950050015A /* Sources */,
				9B7A45DE1F9CEF950050015A /* Frameworks */,
				9B7A45DF1F9CEF950050015A /* Resources */,
			);
			buildRules = (
			);
			dependencies = (
				9B7A45E31F9CEF950050015A /* PBXTargetDependency */,
			);
			name = YouTubeUITests;
			productName = YouTubeUITests;
			productReference = 9B7A45E11F9CEF950050015A /* YouTubeUITests.xctest */;
			productType = "com.apple.product-type.bundle.ui-testing";
		};
/* End PBXNativeTarget section */

/* Begin PBXProject section */
		9B7A45BA1F9CEF950050015A /* Project object */ = {
			isa = PBXProject;
			attributes = {
				LastSwiftUpdateCheck = 0830;
				LastUpgradeCheck = 0830;
				ORGANIZATIONNAME = LEE;
				TargetAttributes = {
					9B7A45C11F9CEF950050015A = {
						CreatedOnToolsVersion = 8.3.2;
						DevelopmentTeam = 2HLNWTACRJ;
						ProvisioningStyle = Automatic;
					};
					9B7A45D51F9CEF950050015A = {
						CreatedOnToolsVersion = 8.3.2;
						DevelopmentTeam = 2HLNWTACRJ;
						ProvisioningStyle = Automatic;
						TestTargetID = 9B7A45C11F9CEF950050015A;
					};
					9B7A45E01F9CEF950050015A = {
						CreatedOnToolsVersion = 8.3.2;
						DevelopmentTeam = 2HLNWTACRJ;
						ProvisioningStyle = Automatic;
						TestTargetID = 9B7A45C11F9CEF950050015A;
					};
				};
			};
			buildConfigurationList = 9B7A45BD1F9CEF950050015A /* Build configuration list for PBXProject "YouTube" */;
			compatibilityVersion = "Xcode 3.2";
			developmentRegion = English;
			hasScannedForEncodings = 0;
			knownRegions = (
				en,
				Base,
			);
			mainGroup = 9B7A45B91F9CEF950050015A;
			productRefGroup = 9B7A45C31F9CEF950050015A /* Products */;
			projectDirPath = "";
			projectRoot = "";
			targets = (
				9B7A45C11F9CEF950050015A /* YouTube */,
				9B7A45D51F9CEF950050015A /* YouTubeTests */,
				9B7A45E01F9CEF950050015A /* YouTubeUITests */,
			);
		};
/* End PBXProject section */

/* Begin PBXResourcesBuildPhase section */
		9B7A45C01F9CEF950050015A /* Resources */ = {
			isa = PBXResourcesBuildPhase;
			buildActionMask = 2147483647;
			files = (
				9B7A45D01F9CEF950050015A /* LaunchScreen.storyboard in Resources */,
				9B7A45CD1F9CEF950050015A /* Assets.xcassets in Resources */,
				9B7A45CB1F9CEF950050015A /* Main.storyboard in Resources */,
			);
			runOnlyForDeploymentPostprocessing = 0;
		};
		9B7A45D41F9CEF950050015A /* Resources */ = {
			isa = PBXResourcesBuildPhase;
			buildActionMask = 2147483647;
			files = (
			);
			runOnlyForDeploymentPostprocessing = 0;
		};
		9B7A45DF1F9CEF950050015A /* Resources */ = {
			isa = PBXResourcesBuildPhase;
			buildActionMask = 2147483647;
			files = (
			);
			runOnlyForDeploymentPostprocessing = 0;
		};
/* End PBXResourcesBuildPhase section */

/* Begin PBXSourcesBuildPhase section */
		9B7A45BE1F9CEF950050015A /* Sources */ = {
			isa = PBXSourcesBuildPhase;
			buildActionMask = 2147483647;
			files = (
				9B7A45C81F9CEF950050015A /* ViewController.swift in Sources */,
				9B7A45C61F9CEF950050015A /* AppDelegate.swift in Sources */,
			);
			runOnlyForDeploymentPostprocessing = 0;
		};
		9B7A45D21F9CEF950050015A /* Sources */ = {
			isa = PBXSourcesBuildPhase;
			buildActionMask = 2147483647;
			files = (
				9B7A45DB1F9CEF950050015A /* YouTubeTests.swift in Sources */,
			);
			runOnlyForDeploymentPostprocessing = 0;
		};
		9B7A45DD1F9CEF950050015A /* Sources */ = {
			isa = PBXSourcesBuildPhase;
			buildActionMask = 2147483647;
			files = (
				9B7A45E61F9CEF950050015A /* YouTubeUITests.swift in Sources */,
			);
			runOnlyForDeploymentPostprocessing = 0;
		};
/* End PBXSourcesBuildPhase section */

/* Begin PBXTargetDependency section */
		9B7A45D81F9CEF950050015A /* PBXTargetDependency */ = {
			isa = PBXTargetDependency;
			target = 9B7A45C11F9CEF950050015A /* YouTube */;
			targetProxy = 9B7A45D71F9CEF950050015A /* PBXContainerItemProxy */;
		};
		9B7A45E31F9CEF950050015A /* PBXTargetDependency */ = {
			isa = PBXTargetDependency;
			target = 9B7A45C11F9CEF950050015A /* YouTube */;
			targetProxy = 9B7A45E21F9CEF950050015A /* PBXContainerItemProxy */;
		};
/* End PBXTargetDependency section */

/* Begin PBXVariantGroup section */
		9B7A45C91F9CEF950050015A /* Main.storyboard */ = {
			isa = PBXVariantGroup;
			children = (
				9B7A45CA1F9CEF950050015A /* Base */,
			);
			name = Main.storyboard;
			sourceTree = "<group>";
		};
		9B7A45CE1F9CEF950050015A /* LaunchScreen.storyboard */ = {
			isa = PBXVariantGroup;
			children = (
				9B7A45CF1F9CEF950050015A /* Base */,
			);
			name = LaunchScreen.storyboard;
			sourceTree = "<group>";
		};
/* End PBXVariantGroup section */

/* Begin XCBuildConfiguration section */
		9B7A45E81F9CEF950050015A /* Debug */ = {
			isa = XCBuildConfiguration;
			buildSettings = {
				ALWAYS_SEARCH_USER_PATHS = NO;
				CLANG_ANALYZER_NONNULL = YES;
				CLANG_ANALYZER_NUMBER_OBJECT_CONVERSION = YES_AGGRESSIVE;
				CLANG_CXX_LANGUAGE_STANDARD = "gnu++0x";
				CLANG_CXX_LIBRARY = "libc++";
				CLANG_ENABLE_MODULES = YES;
				CLANG_ENABLE_OBJC_ARC = YES;
				CLANG_WARN_BOOL_CONVERSION = YES;
				CLANG_WARN_CONSTANT_CONVERSION = YES;
				CLANG_WARN_DIRECT_OBJC_ISA_USAGE = YES_ERROR;
				CLANG_WARN_DOCUMENTATION_COMMENTS = YES;
				CLANG_WARN_EMPTY_BODY = YES;
				CLANG_WARN_ENUM_CONVERSION = YES;
				CLANG_WARN_INFINITE_RECURSION = YES;
				CLANG_WARN_INT_CONVERSION = YES;
				CLANG_WARN_OBJC_ROOT_CLASS = YES_ERROR;
				CLANG_WARN_SUSPICIOUS_MOVE = YES;
				CLANG_WARN_UNREACHABLE_CODE = YES;
				CLANG_WARN__DUPLICATE_METHOD_MATCH = YES;
				"CODE_SIGN_IDENTITY[sdk=iphoneos*]" = "iPhone Developer";
				COPY_PHASE_STRIP = NO;
				DEBUG_INFORMATION_FORMAT = dwarf;
				ENABLE_STRICT_OBJC_MSGSEND = YES;
				ENABLE_TESTABILITY = YES;
				GCC_C_LANGUAGE_STANDARD = gnu99;
				GCC_DYNAMIC_NO_PIC = NO;
				GCC_NO_COMMON_BLOCKS = YES;
				GCC_OPTIMIZATION_LEVEL = 0;
				GCC_PREPROCESSOR_DEFINITIONS = (
					"DEBUG=1",
					"$(inherited)",
				);
				GCC_WARN_64_TO_32_BIT_CONVERSION = YES;
				GCC_WARN_ABOUT_RETURN_TYPE = YES_ERROR;
				GCC_WARN_UNDECLARED_SELECTOR = YES;
				GCC_WARN_UNINITIALIZED_AUTOS = YES_AGGRESSIVE;
				GCC_WARN_UNUSED_FUNCTION = YES;
				GCC_WARN_UNUSED_VARIABLE = YES;
				IPHONEOS_DEPLOYMENT_TARGET = 10.3;
				MTL_ENABLE_DEBUG_INFO = YES;
				ONLY_ACTIVE_ARCH = YES;
				SDKROOT = iphoneos;
				SWIFT_ACTIVE_COMPILATION_CONDITIONS = DEBUG;
				SWIFT_OPTIMIZATION_LEVEL = "-Onone";
				TARGETED_DEVICE_FAMILY = "1,2";
			};
			name = Debug;
		};
		9B7A45E91F9CEF950050015A /* Release */ = {
			isa = XCBuildConfiguration;
			buildSettings = {
				ALWAYS_SEARCH_USER_PATHS = NO;
				CLANG_ANALYZER_NONNULL = YES;
				CLANG_ANALYZER_NUMBER_OBJECT_CONVERSION = YES_AGGRESSIVE;
				CLANG_CXX_LANGUAGE_STANDARD = "gnu++0x";
				CLANG_CXX_LIBRARY = "libc++";
				CLANG_ENABLE_MODULES = YES;
				CLANG_ENABLE_OBJC_ARC = YES;
				CLANG_WARN_BOOL_CONVERSION = YES;
				CLANG_WARN_CONSTANT_CONVERSION = YES;
				CLANG_WARN_DIRECT_OBJC_ISA_USAGE = YES_ERROR;
				CLANG_WARN_DOCUMENTATION_COMMENTS = YES;
				CLANG_WARN_EMPTY_BODY = YES;
				CLANG_WARN_ENUM_CONVERSION = YES;
				CLANG_WARN_INFINITE_RECURSION = YES;
				CLANG_WARN_INT_CONVERSION = YES;
				CLANG_WARN_OBJC_ROOT_CLASS = YES_ERROR;
				CLANG_WARN_SUSPICIOUS_MOVE = YES;
				CLANG_WARN_UNREACHABLE_CODE = YES;
				CLANG_WARN__DUPLICATE_METHOD_MATCH = YES;
				"CODE_SIGN_IDENTITY[sdk=iphoneos*]" = "iPhone Developer";
				COPY_PHASE_STRIP = NO;
				DEBUG_INFORMATION_FORMAT = "dwarf-with-dsym";
				ENABLE_NS_ASSERTIONS = NO;
				ENABLE_STRICT_OBJC_MSGSEND = YES;
				GCC_C_LANGUAGE_STANDARD = gnu99;
				GCC_NO_COMMON_BLOCKS = YES;
				GCC_WARN_64_TO_32_BIT_CONVERSION = YES;
				GCC_WARN_ABOUT_RETURN_TYPE = YES_ERROR;
				GCC_WARN_UNDECLARED_SELECTOR = YES;
				GCC_WARN_UNINITIALIZED_AUTOS = YES_AGGRESSIVE;
				GCC_WARN_UNUSED_FUNCTION = YES;
				GCC_WARN_UNUSED_VARIABLE = YES;
				IPHONEOS_DEPLOYMENT_TARGET = 10.3;
				MTL_ENABLE_DEBUG_INFO = NO;
				SDKROOT = iphoneos;
				SWIFT_OPTIMIZATION_LEVEL = "-Owholemodule";
				TARGETED_DEVICE_FAMILY = "1,2";
				VALIDATE_PRODUCT = YES;
			};
			name = Release;
		};
		9B7A45EB1F9CEF950050015A /* Debug */ = {
			isa = XCBuildConfiguration;
			buildSettings = {
				ASSETCATALOG_COMPILER_APPICON_NAME = AppIcon;
				DEVELOPMENT_TEAM = 2HLNWTACRJ;
				INFOPLIST_FILE = YouTube/Info.plist;
				LD_RUNPATH_SEARCH_PATHS = "$(inherited) @executable_path/Frameworks";
				PRODUCT_BUNDLE_IDENTIFIER = KI.YouTube;
				PRODUCT_NAME = "$(TARGET_NAME)";
				SWIFT_VERSION = 3.0;
			};
			name = Debug;
		};
		9B7A45EC1F9CEF950050015A /* Release */ = {
			isa = XCBuildConfiguration;
			buildSettings = {
				ASSETCATALOG_COMPILER_APPICON_NAME = AppIcon;
				DEVELOPMENT_TEAM = 2HLNWTACRJ;
				INFOPLIST_FILE = YouTube/Info.plist;
				LD_RUNPATH_SEARCH_PATHS = "$(inherited) @executable_path/Frameworks";
				PRODUCT_BUNDLE_IDENTIFIER = KI.YouTube;
				PRODUCT_NAME = "$(TARGET_NAME)";
				SWIFT_VERSION = 3.0;
			};
			name = Release;
		};
		9B7A45EE1F9CEF950050015A /* Debug */ = {
			isa = XCBuildConfiguration;
			buildSettings = {
				ALWAYS_EMBED_SWIFT_STANDARD_LIBRARIES = YES;
				BUNDLE_LOADER = "$(TEST_HOST)";
				DEVELOPMENT_TEAM = 2HLNWTACRJ;
				INFOPLIST_FILE = YouTubeTests/Info.plist;
				LD_RUNPATH_SEARCH_PATHS = "$(inherited) @executable_path/Frameworks @loader_path/Frameworks";
				PRODUCT_BUNDLE_IDENTIFIER = KI.YouTubeTests;
				PRODUCT_NAME = "$(TARGET_NAME)";
				SWIFT_VERSION = 3.0;
				TEST_HOST = "$(BUILT_PRODUCTS_DIR)/YouTube.app/YouTube";
			};
			name = Debug;
		};
		9B7A45EF1F9CEF950050015A /* Release */ = {
			isa = XCBuildConfiguration;
			buildSettings = {
				ALWAYS_EMBED_SWIFT_STANDARD_LIBRARIES = YES;
				BUNDLE_LOADER = "$(TEST_HOST)";
				DEVELOPMENT_TEAM = 2HLNWTACRJ;
				INFOPLIST_FILE = YouTubeTests/Info.plist;
				LD_RUNPATH_SEARCH_PATHS = "$(inherited) @executable_path/Frameworks @loader_path/Frameworks";
				PRODUCT_BUNDLE_IDENTIFIER = KI.YouTubeTests;
				PRODUCT_NAME = "$(TARGET_NAME)";
				SWIFT_VERSION = 3.0;
				TEST_HOST = "$(BUILT_PRODUCTS_DIR)/YouTube.app/YouTube";
			};
			name = Release;
		};
		9B7A45F11F9CEF950050015A /* Debug */ = {
			isa = XCBuildConfiguration;
			buildSettings = {
				ALWAYS_EMBED_SWIFT_STANDARD_LIBRARIES = YES;
				DEVELOPMENT_TEAM = 2HLNWTACRJ;
				INFOPLIST_FILE = YouTubeUITests/Info.plist;
				LD_RUNPATH_SEARCH_PATHS = "$(inherited) @executable_path/Frameworks @loader_path/Frameworks";
				PRODUCT_BUNDLE_IDENTIFIER = KI.YouTubeUITests;
				PRODUCT_NAME = "$(TARGET_NAME)";
				SWIFT_VERSION = 3.0;
				TEST_TARGET_NAME = YouTube;
			};
			name = Debug;
		};
		9B7A45F21F9CEF950050015A /* Release */ = {
			isa = XCBuildConfiguration;
			buildSettings = {
				ALWAYS_EMBED_SWIFT_STANDARD_LIBRARIES = YES;
				DEVELOPMENT_TEAM = 2HLNWTACRJ;
				INFOPLIST_FILE = YouTubeUITests/Info.plist;
				LD_RUNPATH_SEARCH_PATHS = "$(inherited) @executable_path/Frameworks @loader_path/Frameworks";
				PRODUCT_BUNDLE_IDENTIFIER = KI.YouTubeUITests;
				PRODUCT_NAME = "$(TARGET_NAME)";
				SWIFT_VERSION = 3.0;
				TEST_TARGET_NAME = YouTube;
			};
			name = Release;
		};
/* End XCBuildConfiguration section */

/* Begin XCConfigurationList section */
		9B7A45BD1F9CEF950050015A /* Build configuration list for PBXProject "YouTube" */ = {
			isa = XCConfigurationList;
			buildConfigurations = (
				9B7A45E81F9CEF950050015A /* Debug */,
				9B7A45E91F9CEF950050015A /* Release */,
			);
			defaultConfigurationIsVisible = 0;
			defaultConfigurationName = Release;
		};
		9B7A45EA1F9CEF950050015A /* Build configuration list for PBXNativeTarget "YouTube" */ = {
			isa = XCConfigurationList;
			buildConfigurations = (
				9B7A45EB1F9CEF950050015A /* Debug */,
				9B7A45EC1F9CEF950050015A /* Release */,
			);
			defaultConfigurationIsVisible = 0;
		};
		9B7A45ED1F9CEF950050015A /* Build configuration list for PBXNativeTarget "YouTubeTests" */ = {
			isa = XCConfigurationList;
			buildConfigurations = (
				9B7A45EE1F9CEF950050015A /* Debug */,
				9B7A45EF1F9CEF950050015A /* Release */,
			);
			defaultConfigurationIsVisible = 0;
		};
		9B7A45F01F9CEF950050015A /* Build configuration list for PBXNativeTarget "YouTubeUITests" */ = {
			isa = XCConfigurationList;
			buildConfigurations = (
				9B7A45F11F9CEF950050015A /* Debug */,
				9B7A45F21F9CEF950050015A /* Release */,
			);
			defaultConfigurationIsVisible = 0;
		};
/* End XCConfigurationList section */
	};
	rootObject = 9B7A45BA1F9CEF950050015A /* Project object */;
}
